
Microsoft Visual Studio Solution File, Format Version 12.00
# Visual Studio Version 16
VisualStudioVersion = 16.0.29613.14
MinimumVisualStudioVersion = 10.0.40219.1
Project("{FAE04EC0-301F-11D3-BF4B-00C04F79EFBC}") = "progama", "progama\progama.csproj", "{806E7EE1-1C8B-4D48-8DB8-E045125B854F}"
EndProject
Global
	GlobalSection(SolutionConfigurationPlatforms) = preSolution
		Debug|Any CPU = Debug|Any CPU
		Release|Any CPU = Release|Any CPU
	EndGlobalSection
	GlobalSection(ProjectConfigurationPlatforms) = postSolution
		{806E7EE1-1C8B-4D48-8DB8-E045125B854F}.Debug|Any CPU.ActiveCfg = Debug|Any CPU
		{806E7EE1-1C8B-4D48-8DB8-E045125B854F}.Debug|Any CPU.Build.0 = Debug|Any CPU
		{806E7EE1-1C8B-4D48-8DB8-E045125B854F}.Release|Any CPU.ActiveCfg = Release|Any CPU
		{806E7EE1-1C8B-4D48-8DB8-E045125B854F}.Release|Any CPU.Build.0 = Release|Any CPU
	EndGlobalSection
	GlobalSection(SolutionProperties) = preSolution
		HideSolutionNode = FALSE
	EndGlobalSection
	GlobalSection(ExtensibilityGlobals) = postSolution
		SolutionGuid = {64458635-B081-403B-8D01-0580FD819042}
	EndGlobalSection
EndGlobal
